
Microsoft Visual Studio Solution File, Format Version 12.00
# Visual Studio Version 17
VisualStudioVersion = 17.3.32929.385
MinimumVisualStudioVersion = 10.0.40219.1
Project("{FAE04EC0-301F-11D3-BF4B-00C04F79EFBC}") = "s6-01", "s6-01.csproj", "{7D3A098A-10D3-4DFB-A703-7EEA27EE3F1F}"
EndProject
Global
	GlobalSection(SolutionConfigurationPlatforms) = preSolution
		Debug|Any CPU = Debug|Any CPU
		Release|Any CPU = Release|Any CPU
	EndGlobalSection
	GlobalSection(ProjectConfigurationPlatforms) = postSolution
		{7D3A098A-10D3-4DFB-A703-7EEA27EE3F1F}.Debug|Any CPU.ActiveCfg = Debug|Any CPU
		{7D3A098A-10D3-4DFB-A703-7EEA27EE3F1F}.Debug|Any CPU.Build.0 = Debug|Any CPU
		{7D3A098A-10D3-4DFB-A703-7EEA27EE3F1F}.Release|Any CPU.ActiveCfg = Release|Any CPU
		{7D3A098A-10D3-4DFB-A703-7EEA27EE3F1F}.Release|Any CPU.Build.0 = Release|Any CPU
	EndGlobalSection
	GlobalSection(SolutionProperties) = preSolution
		HideSolutionNode = FALSE
	EndGlobalSection
	GlobalSection(ExtensibilityGlobals) = postSolution
		SolutionGuid = {200BEA36-938A-4949-864D-F2502C8A4664}
	EndGlobalSection
EndGlobal
